
Microsoft Visual Studio Solution File, Format Version 11.00
# Visual C# Express 2010
Project("{FAE04EC0-301F-11D3-BF4B-00C04F79EFBC}") = "L2-Site-Budworm", "L2-Site-Budworm.csproj", "{6950D528-3CD9-41C4-93A6-6602CB7AE2D6}"
EndProject
Global
	GlobalSection(SolutionConfigurationPlatforms) = preSolution
		Debug|Any CPU = Debug|Any CPU
		Release|Any CPU = Release|Any CPU
	EndGlobalSection
	GlobalSection(ProjectConfigurationPlatforms) = postSolution
		{6950D528-3CD9-41C4-93A6-6602CB7AE2D6}.Debug|Any CPU.ActiveCfg = Debug|Any CPU
		{6950D528-3CD9-41C4-93A6-6602CB7AE2D6}.Debug|Any CPU.Build.0 = Debug|Any CPU
		{6950D528-3CD9-41C4-93A6-6602CB7AE2D6}.Release|Any CPU.ActiveCfg = Release|Any CPU
		{6950D528-3CD9-41C4-93A6-6602CB7AE2D6}.Release|Any CPU.Build.0 = Release|Any CPU
	EndGlobalSection
	GlobalSection(SolutionProperties) = preSolution
		HideSolutionNode = FALSE
	EndGlobalSection
EndGlobal
